
Microsoft Visual Studio Solution File, Format Version 12.00
# Visual Studio Version 16
VisualStudioVersion = 16.0.31025.194
MinimumVisualStudioVersion = 10.0.40219.1
Project("{FAE04EC0-301F-11D3-BF4B-00C04F79EFBC}") = "HelloMvcApplication", "HelloMvcApplication\HelloMvcApplication.csproj", "{AFDF93AA-C522-4038-8BE0-6E0A0A757199}"
EndProject
Global
	GlobalSection(SolutionConfigurationPlatforms) = preSolution
		Debug|Any CPU = Debug|Any CPU
		Release|Any CPU = Release|Any CPU
	EndGlobalSection
	GlobalSection(ProjectConfigurationPlatforms) = postSolution
		{AFDF93AA-C522-4038-8BE0-6E0A0A757199}.Debug|Any CPU.ActiveCfg = Debug|Any CPU
		{AFDF93AA-C522-4038-8BE0-6E0A0A757199}.Debug|Any CPU.Build.0 = Debug|Any CPU
		{AFDF93AA-C522-4038-8BE0-6E0A0A757199}.Release|Any CPU.ActiveCfg = Release|Any CPU
		{AFDF93AA-C522-4038-8BE0-6E0A0A757199}.Release|Any CPU.Build.0 = Release|Any CPU
	EndGlobalSection
	GlobalSection(SolutionProperties) = preSolution
		HideSolutionNode = FALSE
	EndGlobalSection
	GlobalSection(ExtensibilityGlobals) = postSolution
		SolutionGuid = {02F73F07-2E71-45B0-A8BB-0C0EFA5C5E55}
	EndGlobalSection
EndGlobal
